PODS:
  - accessing_security_scoped_resource (0.0.1):
    - FlutterMacOS
  - FlutterMacOS (1.0.0)

DEPENDENCIES:
  - accessing_security_scoped_resource (from `Flutter/ephemeral/.symlinks/plugins/accessing_security_scoped_resource/macos`)
  - FlutterMacOS (from `Flutter/ephemeral`)

EXTERNAL SOURCES:
  accessing_security_scoped_resource:
    :path: Flutter/ephemeral/.symlinks/plugins/accessing_security_scoped_resource/macos
  FlutterMacOS:
    :path: Flutter/ephemeral

SPEC CHECKSUMS:
  accessing_security_scoped_resource: 740a366aa2e74ba6e54a20dd27c1d40a57f7e2c1
  FlutterMacOS: 8f6f14fa908a6fb3fba0cd85dbd81ec4b251fb24

PODFILE CHECKSUM: 353c8bcc5d5b0994e508d035b5431cfe18c1dea7

COCOAPODS: 1.11.3
